
Microsoft Visual Studio Solution File, Format Version 12.00
# Visual Studio 14
VisualStudioVersion = 14.0.25420.1
MinimumVisualStudioVersion = 10.0.40219.1
Project("{FAE04EC0-301F-11D3-BF4B-00C04F79EFBC}") = "OS_FinalProject", "OS_FinalProject\OS_FinalProject.csproj", "{69035059-DB0A-4E01-BB07-D362BF286F78}"
EndProject
Project("{FAE04EC0-301F-11D3-BF4B-00C04F79EFBC}") = "UnitTestProject1", "UnitTestProject1\UnitTestProject1.csproj", "{833C59D1-8965-454E-97BD-BA18E90EB7AC}"
EndProject
Global
	GlobalSection(SolutionConfigurationPlatforms) = preSolution
		Debug|Any CPU = Debug|Any CPU
		Release|Any CPU = Release|Any CPU
	EndGlobalSection
	GlobalSection(ProjectConfigurationPlatforms) = postSolution
		{69035059-DB0A-4E01-BB07-D362BF286F78}.Debug|Any CPU.ActiveCfg = Debug|Any CPU
		{69035059-DB0A-4E01-BB07-D362BF286F78}.Debug|Any CPU.Build.0 = Debug|Any CPU
		{69035059-DB0A-4E01-BB07-D362BF286F78}.Release|Any CPU.ActiveCfg = Release|Any CPU
		{69035059-DB0A-4E01-BB07-D362BF286F78}.Release|Any CPU.Build.0 = Release|Any CPU
		{833C59D1-8965-454E-97BD-BA18E90EB7AC}.Debug|Any CPU.ActiveCfg = Debug|Any CPU
		{833C59D1-8965-454E-97BD-BA18E90EB7AC}.Debug|Any CPU.Build.0 = Debug|Any CPU
		{833C59D1-8965-454E-97BD-BA18E90EB7AC}.Release|Any CPU.ActiveCfg = Release|Any CPU
		{833C59D1-8965-454E-97BD-BA18E90EB7AC}.Release|Any CPU.Build.0 = Release|Any CPU
	EndGlobalSection
	GlobalSection(SolutionProperties) = preSolution
		HideSolutionNode = FALSE
	EndGlobalSection
EndGlobal
